
Microsoft Visual Studio Solution File, Format Version 12.00
# Visual Studio Version 17
VisualStudioVersion = 17.2.32505.173
MinimumVisualStudioVersion = 10.0.40219.1
Project("{FAE04EC0-301F-11D3-BF4B-00C04F79EFBC}") = "setup", "setup\setup.csproj", "{E1709157-471A-46D4-8377-1BA7EC2510E2}"
EndProject
Project("{FAE04EC0-301F-11D3-BF4B-00C04F79EFBC}") = "WinMin", "WinMin\WinMin.csproj", "{EFA6D9B7-3CDE-4322-9611-04D9A48B9A88}"
EndProject
Global
	GlobalSection(SolutionConfigurationPlatforms) = preSolution
		Debug|Any CPU = Debug|Any CPU
		Release|Any CPU = Release|Any CPU
	EndGlobalSection
	GlobalSection(ProjectConfigurationPlatforms) = postSolution
		{E1709157-471A-46D4-8377-1BA7EC2510E2}.Debug|Any CPU.ActiveCfg = Debug|Any CPU
		{E1709157-471A-46D4-8377-1BA7EC2510E2}.Debug|Any CPU.Build.0 = Debug|Any CPU
		{E1709157-471A-46D4-8377-1BA7EC2510E2}.Release|Any CPU.ActiveCfg = Release|Any CPU
		{E1709157-471A-46D4-8377-1BA7EC2510E2}.Release|Any CPU.Build.0 = Release|Any CPU
		{EFA6D9B7-3CDE-4322-9611-04D9A48B9A88}.Debug|Any CPU.ActiveCfg = Debug|Any CPU
		{EFA6D9B7-3CDE-4322-9611-04D9A48B9A88}.Debug|Any CPU.Build.0 = Debug|Any CPU
		{EFA6D9B7-3CDE-4322-9611-04D9A48B9A88}.Release|Any CPU.ActiveCfg = Release|Any CPU
		{EFA6D9B7-3CDE-4322-9611-04D9A48B9A88}.Release|Any CPU.Build.0 = Release|Any CPU
	EndGlobalSection
	GlobalSection(SolutionProperties) = preSolution
		HideSolutionNode = FALSE
	EndGlobalSection
	GlobalSection(ExtensibilityGlobals) = postSolution
		SolutionGuid = {D100E91A-E165-496B-9722-ED11F4886055}
	EndGlobalSection
EndGlobal
